
Microsoft Visual Studio Solution File, Format Version 12.00
# Visual Studio 15
VisualStudioVersion = 15.0.26730.0
MinimumVisualStudioVersion = 10.0.40219.1
Project("{9A19103F-16F7-4668-BE54-9A1E7A4F7556}") = "CommandLine", "src\CommandLine.csproj", "{45D20C96-4630-49E9-AFEA-C72CBA265E29}"
EndProject
Project("{9A19103F-16F7-4668-BE54-9A1E7A4F7556}") = "CommandLine.Tests", "test\CommandLine.Tests.csproj", "{73F500CB-9E72-42FA-BFCA-1E2FC0FBB9A9}"
EndProject
Project("{9A19103F-16F7-4668-BE54-9A1E7A4F7556}") = "CommandLine.Analyzer", "analyzer\CommandLine.Analyzer\CommandLine.Analyzer.csproj", "{6A9A32D3-0D85-41F1-9FBB-B63A34BCC67C}"
EndProject
Project("{9A19103F-16F7-4668-BE54-9A1E7A4F7556}") = "CommandLine.Analyzer.Test", "analyzer\CommandLine.Analyzer.Test\CommandLine.Analyzer.Test.csproj", "{DD7DD760-F8BE-4886-9003-6291E7557D17}"
EndProject
Project("{2150E333-8FDC-42A3-9474-1A3956D46DE8}") = "misc", "misc", "{2B7CA3C0-82A2-4147-BFD6-DADA614D1DB4}"
	ProjectSection(SolutionItems) = preProject
		.gitignore = .gitignore
		appveyor.yml = appveyor.yml
		build.cmd = build.cmd
		build.sh = build.sh
		codecov.yml = codecov.yml
		LICENSE = LICENSE
		README.md = README.md
	EndProjectSection
EndProject
Global
	GlobalSection(SolutionConfigurationPlatforms) = preSolution
		Debug|Any CPU = Debug|Any CPU
		Release|Any CPU = Release|Any CPU
	EndGlobalSection
	GlobalSection(ProjectConfigurationPlatforms) = postSolution
		{45D20C96-4630-49E9-AFEA-C72CBA265E29}.Debug|Any CPU.ActiveCfg = Debug|Any CPU
		{45D20C96-4630-49E9-AFEA-C72CBA265E29}.Debug|Any CPU.Build.0 = Debug|Any CPU
		{45D20C96-4630-49E9-AFEA-C72CBA265E29}.Release|Any CPU.ActiveCfg = Release|Any CPU
		{45D20C96-4630-49E9-AFEA-C72CBA265E29}.Release|Any CPU.Build.0 = Release|Any CPU
		{73F500CB-9E72-42FA-BFCA-1E2FC0FBB9A9}.Debug|Any CPU.ActiveCfg = Debug|Any CPU
		{73F500CB-9E72-42FA-BFCA-1E2FC0FBB9A9}.Debug|Any CPU.Build.0 = Debug|Any CPU
		{73F500CB-9E72-42FA-BFCA-1E2FC0FBB9A9}.Release|Any CPU.ActiveCfg = Release|Any CPU
		{73F500CB-9E72-42FA-BFCA-1E2FC0FBB9A9}.Release|Any CPU.Build.0 = Release|Any CPU
		{6A9A32D3-0D85-41F1-9FBB-B63A34BCC67C}.Debug|Any CPU.ActiveCfg = Debug|Any CPU
		{6A9A32D3-0D85-41F1-9FBB-B63A34BCC67C}.Debug|Any CPU.Build.0 = Debug|Any CPU
		{6A9A32D3-0D85-41F1-9FBB-B63A34BCC67C}.Release|Any CPU.ActiveCfg = Release|Any CPU
		{6A9A32D3-0D85-41F1-9FBB-B63A34BCC67C}.Release|Any CPU.Build.0 = Release|Any CPU
		{DD7DD760-F8BE-4886-9003-6291E7557D17}.Debug|Any CPU.ActiveCfg = Debug|Any CPU
		{DD7DD760-F8BE-4886-9003-6291E7557D17}.Debug|Any CPU.Build.0 = Debug|Any CPU
		{DD7DD760-F8BE-4886-9003-6291E7557D17}.Release|Any CPU.ActiveCfg = Release|Any CPU
		{DD7DD760-F8BE-4886-9003-6291E7557D17}.Release|Any CPU.Build.0 = Release|Any CPU
	EndGlobalSection
	GlobalSection(SolutionProperties) = preSolution
		HideSolutionNode = FALSE
	EndGlobalSection
	GlobalSection(ExtensibilityGlobals) = postSolution
		SolutionGuid = {921B9BF3-4CD5-4CAE-9AD0-5E708DACA290}
	EndGlobalSection
EndGlobal
