
Microsoft Visual Studio Solution File, Format Version 12.00
# Visual Studio 14
VisualStudioVersion = 14.0.25420.1
MinimumVisualStudioVersion = 10.0.40219.1
Project("{FAE04EC0-301F-11D3-BF4B-00C04F79EFBC}") = "CommandLine", "CommandLine\CommandLine.csproj", "{6E1B456D-1ED7-4B13-81DA-C9F04FB0760F}"
EndProject
Project("{FAE04EC0-301F-11D3-BF4B-00C04F79EFBC}") = "CommandLine.Tests", "CommandLine.Tests\CommandLine.Tests.csproj", "{306FB4EC-98CF-4F4D-8E53-0CC0296C5902}"
EndProject
Project("{FAE04EC0-301F-11D3-BF4B-00C04F79EFBC}") = "CommandLine.TestApp", "CommandLine.TestApp\CommandLine.TestApp.csproj", "{BFFA03DE-1C64-4059-B011-3BD13A4B18C6}"
EndProject
Project("{8BB2217D-0F2D-49D1-97BC-3654ED321F3B}") = "CommandLine.Core", "CommandLine.Core\CommandLine.Core.xproj", "{C86FC95F-B3E1-4175-B669-346C1702CDAE}"
EndProject
Global
	GlobalSection(SolutionConfigurationPlatforms) = preSolution
		Debug|Any CPU = Debug|Any CPU
		Release|Any CPU = Release|Any CPU
	EndGlobalSection
	GlobalSection(ProjectConfigurationPlatforms) = postSolution
		{6E1B456D-1ED7-4B13-81DA-C9F04FB0760F}.Debug|Any CPU.ActiveCfg = Debug|Any CPU
		{6E1B456D-1ED7-4B13-81DA-C9F04FB0760F}.Debug|Any CPU.Build.0 = Debug|Any CPU
		{6E1B456D-1ED7-4B13-81DA-C9F04FB0760F}.Release|Any CPU.ActiveCfg = Release|Any CPU
		{6E1B456D-1ED7-4B13-81DA-C9F04FB0760F}.Release|Any CPU.Build.0 = Release|Any CPU
		{306FB4EC-98CF-4F4D-8E53-0CC0296C5902}.Debug|Any CPU.ActiveCfg = Debug|Any CPU
		{306FB4EC-98CF-4F4D-8E53-0CC0296C5902}.Debug|Any CPU.Build.0 = Debug|Any CPU
		{306FB4EC-98CF-4F4D-8E53-0CC0296C5902}.Release|Any CPU.ActiveCfg = Release|Any CPU
		{306FB4EC-98CF-4F4D-8E53-0CC0296C5902}.Release|Any CPU.Build.0 = Release|Any CPU
		{BFFA03DE-1C64-4059-B011-3BD13A4B18C6}.Debug|Any CPU.ActiveCfg = Debug|Any CPU
		{BFFA03DE-1C64-4059-B011-3BD13A4B18C6}.Debug|Any CPU.Build.0 = Debug|Any CPU
		{BFFA03DE-1C64-4059-B011-3BD13A4B18C6}.Release|Any CPU.ActiveCfg = Release|Any CPU
		{BFFA03DE-1C64-4059-B011-3BD13A4B18C6}.Release|Any CPU.Build.0 = Release|Any CPU
		{C86FC95F-B3E1-4175-B669-346C1702CDAE}.Debug|Any CPU.ActiveCfg = Debug|Any CPU
		{C86FC95F-B3E1-4175-B669-346C1702CDAE}.Debug|Any CPU.Build.0 = Debug|Any CPU
		{C86FC95F-B3E1-4175-B669-346C1702CDAE}.Release|Any CPU.ActiveCfg = Release|Any CPU
		{C86FC95F-B3E1-4175-B669-346C1702CDAE}.Release|Any CPU.Build.0 = Release|Any CPU
	EndGlobalSection
	GlobalSection(SolutionProperties) = preSolution
		HideSolutionNode = FALSE
	EndGlobalSection
EndGlobal
